# Generated for the supported CPython 3.13 Unix targets. Keep every package
# pinned and every installable wheel hash-verified; the launcher also enforces
# --only-binary=:all: so source distributions are never executed.
cffi==2.1.1 ; sys_platform == 'linux' \
    --hash=sha256:a931079504ecc49efed7744c476a5c343a92fabf66dec2db95edb1b2fdc770e2 \
    --hash=sha256:f16c709686a78c727bbbf059f92b0bf41c6fc60deec706d2dc19f529175a6125 \
    --hash=sha256:e0bcb7e0f677f543555d2adff3bf19c05f66cdb4796e5ff602442ab2fe3c4ef7 \
    --hash=sha256:a2d7755bef5a12ed488f4ef1f1b69ee9191d7396083b755a5d2295f6edb4768b
cryptography==49.0.0 ; sys_platform == 'linux' \
    --hash=sha256:0e959b578856a3924bc0cbb710fc12c387b9412a951389f3ca61704a9e25f325 \
    --hash=sha256:36d1709f992593689b45bda411498d62c6e365f2ca00b84657d4dadd24de16db \
    --hash=sha256:66ec79c3904820572d7e987abdf304281f141d37ad9a489b8e97066e7b9b6459 \
    --hash=sha256:b87e65d263b3e5d3bb92a57e2a6638e2f31110fa7aa890c7b2dbba42248d0a3f
jaraco-classes==3.4.0 \
    --hash=sha256:f662826b6bed8cace05e7ff873ce0f9283b5c924470fe664fff1c2f00f581790
jaraco-context==6.1.2 \
    --hash=sha256:bf8150b79a2d5d91ae48629d8b427a8f7ba0e1097dd6202a9059f29a36379535
jaraco-functools==4.6.0 \
    --hash=sha256:99e3dc0060c5cbe8fcd1cdb36258e2a65ca40f1566b2033b12abb1bb44dd3c30
jeepney==0.9.0 ; sys_platform == 'linux' \
    --hash=sha256:97e5714520c16fc0a45695e5365a2e11b81ea79bba796e26f9f1d178cb182683
keyring==25.7.0 \
    --hash=sha256:be4a0b195f149690c166e850609a477c532ddbfbaed96a404d4e43f8d5e2689f
more-itertools==11.1.0 \
    --hash=sha256:4b65538ae22f6fed0ce4874efd317463a7489796a0939fa66824dd542125a192
pycparser==3.0 ; sys_platform == 'linux' \
    --hash=sha256:b727414169a36b7d524c1c3e31839a521725078d7b2ff038656844266160a992
secretstorage==3.5.0 ; sys_platform == 'linux' \
    --hash=sha256:0ce65888c0725fcb2c5bc0fdb8e5438eece02c523557ea40ce0703c266248137
